
Microsoft Visual Studio Solution File, Format Version 12.00
# Visual Studio Version 17
VisualStudioVersion = 17.5.33424.131
MinimumVisualStudioVersion = 10.0.40219.1
Project("{9A19103F-16F7-4668-BE54-9A1E7A4F7556}") = "TutorialBlog.WebApi", "TutorialBlog.WebApi\TutorialBlog.WebApi.csproj", "{7BE11077-B5C9-4CFB-84C3-7EE3C28F7435}"
EndProject
Project("{9A19103F-16F7-4668-BE54-9A1E7A4F7556}") = "TutorialBlog.Service", "TutorialBlog.Service\TutorialBlog.Service.csproj", "{782DB26E-CEE5-47FC-9291-1124F28A8388}"
EndProject
Project("{9A19103F-16F7-4668-BE54-9A1E7A4F7556}") = "TutorialBlog.DAL", "TutorialBlog.DAL\TutorialBlog.DAL.csproj", "{44E202B1-823C-4E62-A65B-08A59BFD861E}"
EndProject
Project("{9A19103F-16F7-4668-BE54-9A1E7A4F7556}") = "TutorialBlog.Helper", "TutorialBlog.Helper\TutorialBlog.Helper.csproj", "{32477D36-499D-4080-9EA3-460B952A50E2}"
EndProject
Project("{9A19103F-16F7-4668-BE54-9A1E7A4F7556}") = "TutorialBlog.Entities", "TutorialBlog.Entities\TutorialBlog.Entities.csproj", "{186489CA-4C22-4584-B865-D69E9FAEA102}"
EndProject
Project("{00D1A9C2-B5F0-4AF3-8072-F6C62B433612}") = "TutorialBlogDataBase", "TutorialBlogDataBase\TutorialBlogDataBase.sqlproj", "{55BB64EA-49EB-4CE6-9621-37BEDA862141}"
EndProject
Global
	GlobalSection(SolutionConfigurationPlatforms) = preSolution
		Debug|Any CPU = Debug|Any CPU
		Release|Any CPU = Release|Any CPU
	EndGlobalSection
	GlobalSection(ProjectConfigurationPlatforms) = postSolution
		{7BE11077-B5C9-4CFB-84C3-7EE3C28F7435}.Debug|Any CPU.ActiveCfg = Debug|Any CPU
		{7BE11077-B5C9-4CFB-84C3-7EE3C28F7435}.Debug|Any CPU.Build.0 = Debug|Any CPU
		{7BE11077-B5C9-4CFB-84C3-7EE3C28F7435}.Release|Any CPU.ActiveCfg = Release|Any CPU
		{7BE11077-B5C9-4CFB-84C3-7EE3C28F7435}.Release|Any CPU.Build.0 = Release|Any CPU
		{782DB26E-CEE5-47FC-9291-1124F28A8388}.Debug|Any CPU.ActiveCfg = Debug|Any CPU
		{782DB26E-CEE5-47FC-9291-1124F28A8388}.Debug|Any CPU.Build.0 = Debug|Any CPU
		{782DB26E-CEE5-47FC-9291-1124F28A8388}.Release|Any CPU.ActiveCfg = Release|Any CPU
		{782DB26E-CEE5-47FC-9291-1124F28A8388}.Release|Any CPU.Build.0 = Release|Any CPU
		{44E202B1-823C-4E62-A65B-08A59BFD861E}.Debug|Any CPU.ActiveCfg = Debug|Any CPU
		{44E202B1-823C-4E62-A65B-08A59BFD861E}.Debug|Any CPU.Build.0 = Debug|Any CPU
		{44E202B1-823C-4E62-A65B-08A59BFD861E}.Release|Any CPU.ActiveCfg = Release|Any CPU
		{44E202B1-823C-4E62-A65B-08A59BFD861E}.Release|Any CPU.Build.0 = Release|Any CPU
		{32477D36-499D-4080-9EA3-460B952A50E2}.Debug|Any CPU.ActiveCfg = Debug|Any CPU
		{32477D36-499D-4080-9EA3-460B952A50E2}.Debug|Any CPU.Build.0 = Debug|Any CPU
		{32477D36-499D-4080-9EA3-460B952A50E2}.Release|Any CPU.ActiveCfg = Release|Any CPU
		{32477D36-499D-4080-9EA3-460B952A50E2}.Release|Any CPU.Build.0 = Release|Any CPU
		{186489CA-4C22-4584-B865-D69E9FAEA102}.Debug|Any CPU.ActiveCfg = Debug|Any CPU
		{186489CA-4C22-4584-B865-D69E9FAEA102}.Debug|Any CPU.Build.0 = Debug|Any CPU
		{186489CA-4C22-4584-B865-D69E9FAEA102}.Release|Any CPU.ActiveCfg = Release|Any CPU
		{186489CA-4C22-4584-B865-D69E9FAEA102}.Release|Any CPU.Build.0 = Release|Any CPU
		{55BB64EA-49EB-4CE6-9621-37BEDA862141}.Debug|Any CPU.ActiveCfg = Debug|Any CPU
		{55BB64EA-49EB-4CE6-9621-37BEDA862141}.Debug|Any CPU.Build.0 = Debug|Any CPU
		{55BB64EA-49EB-4CE6-9621-37BEDA862141}.Debug|Any CPU.Deploy.0 = Debug|Any CPU
		{55BB64EA-49EB-4CE6-9621-37BEDA862141}.Release|Any CPU.ActiveCfg = Release|Any CPU
		{55BB64EA-49EB-4CE6-9621-37BEDA862141}.Release|Any CPU.Build.0 = Release|Any CPU
		{55BB64EA-49EB-4CE6-9621-37BEDA862141}.Release|Any CPU.Deploy.0 = Release|Any CPU
	EndGlobalSection
	GlobalSection(SolutionProperties) = preSolution
		HideSolutionNode = FALSE
	EndGlobalSection
	GlobalSection(ExtensibilityGlobals) = postSolution
		SolutionGuid = {41822DCF-C61E-4215-8259-4318338A504D}
	EndGlobalSection
EndGlobal
